
Microsoft Visual Studio Solution File, Format Version 12.00
# Visual Studio Version 17
VisualStudioVersion = 17.2.32630.192
MinimumVisualStudioVersion = 10.0.40219.1
Project("{FAE04EC0-301F-11D3-BF4B-00C04F79EFBC}") = "AprendiendoCsharp", "AprendiendoCsharp\AprendiendoCsharp.csproj", "{0AB890E0-1204-4B29-806A-1F52C3E0A621}"
EndProject
Global
	GlobalSection(SolutionConfigurationPlatforms) = preSolution
		Debug|Any CPU = Debug|Any CPU
		Release|Any CPU = Release|Any CPU
	EndGlobalSection
	GlobalSection(ProjectConfigurationPlatforms) = postSolution
		{0AB890E0-1204-4B29-806A-1F52C3E0A621}.Debug|Any CPU.ActiveCfg = Debug|Any CPU
		{0AB890E0-1204-4B29-806A-1F52C3E0A621}.Debug|Any CPU.Build.0 = Debug|Any CPU
		{0AB890E0-1204-4B29-806A-1F52C3E0A621}.Release|Any CPU.ActiveCfg = Release|Any CPU
		{0AB890E0-1204-4B29-806A-1F52C3E0A621}.Release|Any CPU.Build.0 = Release|Any CPU
	EndGlobalSection
	GlobalSection(SolutionProperties) = preSolution
		HideSolutionNode = FALSE
	EndGlobalSection
	GlobalSection(ExtensibilityGlobals) = postSolution
		SolutionGuid = {05077A21-0767-44A1-ABF1-6401CC0BF77D}
	EndGlobalSection
EndGlobal
